
Microsoft Visual Studio Solution File, Format Version 12.00
# Visual Studio Version 17
VisualStudioVersion = 17.5.33530.505
MinimumVisualStudioVersion = 10.0.40219.1
Project("{FAE04EC0-301F-11D3-BF4B-00C04F79EFBC}") = "SecondMocExample", "SecondMocExample\SecondMocExample.csproj", "{ED44C3C9-ED1E-4ADB-8630-79A9E64CDFA3}"
EndProject
Project("{FAE04EC0-301F-11D3-BF4B-00C04F79EFBC}") = "SecondMocExampleTest", "SecondMocExampleTest\SecondMocExampleTest.csproj", "{83055BD6-3E3A-4C81-801E-0A7941E12793}"
EndProject
Global
	GlobalSection(SolutionConfigurationPlatforms) = preSolution
		Debug|Any CPU = Debug|Any CPU
		Release|Any CPU = Release|Any CPU
	EndGlobalSection
	GlobalSection(ProjectConfigurationPlatforms) = postSolution
		{ED44C3C9-ED1E-4ADB-8630-79A9E64CDFA3}.Debug|Any CPU.ActiveCfg = Debug|Any CPU
		{ED44C3C9-ED1E-4ADB-8630-79A9E64CDFA3}.Debug|Any CPU.Build.0 = Debug|Any CPU
		{ED44C3C9-ED1E-4ADB-8630-79A9E64CDFA3}.Release|Any CPU.ActiveCfg = Release|Any CPU
		{ED44C3C9-ED1E-4ADB-8630-79A9E64CDFA3}.Release|Any CPU.Build.0 = Release|Any CPU
		{83055BD6-3E3A-4C81-801E-0A7941E12793}.Debug|Any CPU.ActiveCfg = Debug|Any CPU
		{83055BD6-3E3A-4C81-801E-0A7941E12793}.Debug|Any CPU.Build.0 = Debug|Any CPU
		{83055BD6-3E3A-4C81-801E-0A7941E12793}.Release|Any CPU.ActiveCfg = Release|Any CPU
		{83055BD6-3E3A-4C81-801E-0A7941E12793}.Release|Any CPU.Build.0 = Release|Any CPU
	EndGlobalSection
	GlobalSection(SolutionProperties) = preSolution
		HideSolutionNode = FALSE
	EndGlobalSection
	GlobalSection(ExtensibilityGlobals) = postSolution
		SolutionGuid = {8642FD15-AACE-4071-9F8C-EDFDE94A2637}
	EndGlobalSection
EndGlobal
